// !$*UTF8*$!
{
	archiveVersion = 1;
	classes = {
	};
	objectVersion = 46;
	objects = {

/* Begin PBXBuildFile section */
		4B96780C1D62AACE009ECA44 /* AppDelegate.swift in Sources */ = {isa = PBXBuildFile; fileRef = 4B96780B1D62AACE009ECA44 /* AppDelegate.swift */; };
		4B96780E1D62AACE009ECA44 /* ViewController.swift in Sources */ = {isa = PBXBuildFile; fileRef = 4B96780D1D62AACE009ECA44 /* ViewController.swift */; };
		4B9678111D62AACE009ECA44 /* Main.storyboard in Resources */ = {isa = PBXBuildFile; fileRef = 4B96780F1D62AACE009ECA44 /* Main.storyboard */; };
		4B9678131D62AACE009ECA44 /* Assets.xcassets in Resources */ = {isa = PBXBuildFile; fileRef = 4B9678121D62AACE009ECA44 /* Assets.xcassets */; };
		4B9678161D62AACE009ECA44 /* LaunchScreen.storyboard in Resources */ = {isa = PBXBuildFile; fileRef = 4B9678141D62AACE009ECA44 /* LaunchScreen.storyboard */; };
		4B9678211D62AACE009ECA44 /* ProtocolNetworkTests.swift in Sources */ = {isa = PBXBuildFile; fileRef = 4B9678201D62AACE009ECA44 /* ProtocolNetworkTests.swift */; };
		4B96782D1D62ABAB009ECA44 /* Request.swift in Sources */ = {isa = PBXBuildFile; fileRef = 4B96782C1D62ABAB009ECA44 /* Request.swift */; };
		4B96782F1D62AEA4009ECA44 /* User.swift in Sources */ = {isa = PBXBuildFile; fileRef = 4B96782E1D62AEA4009ECA44 /* User.swift */; };
		4B9678311D62C245009ECA44 /* users:onevcat in Resources */ = {isa = PBXBuildFile; fileRef = 4B9678301D62C245009ECA44 /* users:onevcat */; };
/* End PBXBuildFile section */

/* Begin PBXContainerItemProxy section */
		4B96781D1D62AACE009ECA44 /* PBXContainerItemProxy */ = {
			isa = PBXContainerItemProxy;
			containerPortal = 4B9678001D62AACE009ECA44 /* Project object */;
			proxyType = 1;
			remoteGlobalIDString = 4B9678071D62AACE009ECA44;
			remoteInfo = ProtocolNetwork;
		};
/* End PBXContainerItemProxy section */

/* Begin PBXFileReference section */
		4B9678081D62AACE009ECA44 /* ProtocolNetwork.app */ = {isa = PBXFileReference; explicitFileType = wrapper.application; includeInIndex = 0; path = ProtocolNetwork.app; sourceTree = BUILT_PRODUCTS_DIR; };
		4B96780B1D62AACE009ECA44 /* AppDelegate.swift */ = {isa = PBXFileReference; lastKnownFileType = sourcecode.swift; path = AppDelegate.swift; sourceTree = "<group>"; };
		4B96780D1D62AACE009ECA44 /* ViewController.swift */ = {isa = PBXFileReference; lastKnownFileType = sourcecode.swift; path = ViewController.swift; sourceTree = "<group>"; };
		4B9678101D62AACE009ECA44 /* Base */ = {isa = PBXFileReference; lastKnownFileType = file.storyboard; name = Base; path = Base.lproj/Main.storyboard; sourceTree = "<group>"; };
		4B9678121D62AACE009ECA44 /* Assets.xcassets */ = {isa = PBXFileReference; lastKnownFileType = folder.assetcatalog; path = Assets.xcassets; sourceTree = "<group>"; };
		4B9678151D62AACE009ECA44 /* Base */ = {isa = PBXFileReference; lastKnownFileType = file.storyboard; name = Base; path = Base.lproj/LaunchScreen.storyboard; sourceTree = "<group>"; };
		4B9678171D62AACE009ECA44 /* Info.plist */ = {isa = PBXFileReference; lastKnownFileType = text.plist.xml; path = Info.plist; sourceTree = "<group>"; };
		4B96781C1D62AACE009ECA44 /* ProtocolNetworkTests.xctest */ = {isa = PBXFileReference; explicitFileType = wrapper.cfbundle; includeInIndex = 0; path = ProtocolNetworkTests.xctest; sourceTree = BUILT_PRODUCTS_DIR; };
		4B9678201D62AACE009ECA44 /* ProtocolNetworkTests.swift */ = {isa = PBXFileReference; lastKnownFileType = sourcecode.swift; path = ProtocolNetworkTests.swift; sourceTree = "<group>"; };
		4B9678221D62AACE009ECA44 /* Info.plist */ = {isa = PBXFileReference; lastKnownFileType = text.plist.xml; path = Info.plist; sourceTree = "<group>"; };
		4B96782C1D62ABAB009ECA44 /* Request.swift */ = {isa = PBXFileReference; fileEncoding = 4; lastKnownFileType = sourcecode.swift; path = Request.swift; sourceTree = "<group>"; };
		4B96782E1D62AEA4009ECA44 /* User.swift */ = {isa = PBXFileReference; fileEncoding = 4; lastKnownFileType = sourcecode.swift; path = User.swift; sourceTree = "<group>"; };
		4B9678301D62C245009ECA44 /* users:onevcat */ = {isa = PBXFileReference; fileEncoding = 4; lastKnownFileType = text; path = "users:onevcat"; sourceTree = "<group>"; };
/* End PBXFileReference section */

/* Begin PBXFrameworksBuildPhase section */
		4B9678051D62AACE009ECA44 /* Frameworks */ = {
			isa = PBXFrameworksBuildPhase;
			buildActionMask = 2147483647;
			files = (
			);
			runOnlyForDeploymentPostprocessing = 0;
		};
		4B9678191D62AACE009ECA44 /* Frameworks */ = {
			isa = PBXFrameworksBuildPhase;
			buildActionMask = 2147483647;
			files = (
			);
			runOnlyForDeploymentPostprocessing = 0;
		};
/* End PBXFrameworksBuildPhase section */

/* Begin PBXGroup section */
		4B9677FF1D62AACE009ECA44 = {
			isa = PBXGroup;
			children = (
				4B96780A1D62AACE009ECA44 /* ProtocolNetwork */,
				4B96781F1D62AACE009ECA44 /* ProtocolNetworkTests */,
				4B9678091D62AACE009ECA44 /* Products */,
			);
			sourceTree = "<group>";
		};
		4B9678091D62AACE009ECA44 /* Products */ = {
			isa = PBXGroup;
			children = (
				4B9678081D62AACE009ECA44 /* ProtocolNetwork.app */,
				4B96781C1D62AACE009ECA44 /* ProtocolNetworkTests.xctest */,
			);
			name = Products;
			sourceTree = "<group>";
		};
		4B96780A1D62AACE009ECA44 /* ProtocolNetwork */ = {
			isa = PBXGroup;
			children = (
				4B96782B1D62AB92009ECA44 /* Source */,
				4B96780B1D62AACE009ECA44 /* AppDelegate.swift */,
				4B96780D1D62AACE009ECA44 /* ViewController.swift */,
				4B96780F1D62AACE009ECA44 /* Main.storyboard */,
				4B9678121D62AACE009ECA44 /* Assets.xcassets */,
				4B9678141D62AACE009ECA44 /* LaunchScreen.storyboard */,
				4B9678171D62AACE009ECA44 /* Info.plist */,
			);
			path = ProtocolNetwork;
			sourceTree = "<group>";
		};
		4B96781F1D62AACE009ECA44 /* ProtocolNetworkTests */ = {
			isa = PBXGroup;
			children = (
				4B9678201D62AACE009ECA44 /* ProtocolNetworkTests.swift */,
				4B9678301D62C245009ECA44 /* users:onevcat */,
				4B9678221D62AACE009ECA44 /* Info.plist */,
			);
			path = ProtocolNetworkTests;
			sourceTree = "<group>";
		};
		4B96782B1D62AB92009ECA44 /* Source */ = {
			isa = PBXGroup;
			children = (
				4B96782C1D62ABAB009ECA44 /* Request.swift */,
				4B96782E1D62AEA4009ECA44 /* User.swift */,
			);
			name = Source;
			sourceTree = "<group>";
		};
/* End PBXGroup section */

/* Begin PBXNativeTarget section */
		4B9678071D62AACE009ECA44 /* ProtocolNetwork */ = {
			isa = PBXNativeTarget;
			buildConfigurationList = 4B9678251D62AACE009ECA44 /* Build configuration list for PBXNativeTarget "ProtocolNetwork" */;
			buildPhases = (
				4B9678041D62AACE009ECA44 /* Sources */,
				4B9678051D62AACE009ECA44 /* Frameworks */,
				4B9678061D62AACE009ECA44 /* Resources */,
			);
			buildRules = (
			);
			dependencies = (
			);
			name = ProtocolNetwork;
			productName = ProtocolNetwork;
			productReference = 4B9678081D62AACE009ECA44 /* ProtocolNetwork.app */;
			productType = "com.apple.product-type.application";
		};
		4B96781B1D62AACE009ECA44 /* ProtocolNetworkTests */ = {
			isa = PBXNativeTarget;
			buildConfigurationList = 4B9678281D62AACE009ECA44 /* Build configuration list for PBXNativeTarget "ProtocolNetworkTests" */;
			buildPhases = (
				4B9678181D62AACE009ECA44 /* Sources */,
				4B9678191D62AACE009ECA44 /* Frameworks */,
				4B96781A1D62AACE009ECA44 /* Resources */,
			);
			buildRules = (
			);
			dependencies = (
				4B96781E1D62AACE009ECA44 /* PBXTargetDependency */,
			);
			name = ProtocolNetworkTests;
			productName = ProtocolNetworkTests;
			productReference = 4B96781C1D62AACE009ECA44 /* ProtocolNetworkTests.xctest */;
			productType = "com.apple.product-type.bundle.unit-test";
		};
/* End PBXNativeTarget section */

/* Begin PBXProject section */
		4B9678001D62AACE009ECA44 /* Project object */ = {
			isa = PBXProject;
			attributes = {
				LastSwiftUpdateCheck = 0800;
				LastUpgradeCheck = 0800;
				ORGANIZATIONNAME = "OneV's Den";
				TargetAttributes = {
					4B9678071D62AACE009ECA44 = {
						CreatedOnToolsVersion = 8.0;
						DevelopmentTeam = T499X543T7;
						ProvisioningStyle = Automatic;
					};
					4B96781B1D62AACE009ECA44 = {
						CreatedOnToolsVersion = 8.0;
						DevelopmentTeam = T499X543T7;
						ProvisioningStyle = Automatic;
						TestTargetID = 4B9678071D62AACE009ECA44;
					};
				};
			};
			buildConfigurationList = 4B9678031D62AACE009ECA44 /* Build configuration list for PBXProject "ProtocolNetwork" */;
			compatibilityVersion = "Xcode 3.2";
			developmentRegion = English;
			hasScannedForEncodings = 0;
			knownRegions = (
				en,
				Base,
			);
			mainGroup = 4B9677FF1D62AACE009ECA44;
			productRefGroup = 4B9678091D62AACE009ECA44 /* Products */;
			projectDirPath = "";
			projectRoot = "";
			targets = (
				4B9678071D62AACE009ECA44 /* ProtocolNetwork */,
				4B96781B1D62AACE009ECA44 /* ProtocolNetworkTests */,
			);
		};
/* End PBXProject section */

/* Begin PBXResourcesBuildPhase section */
		4B9678061D62AACE009ECA44 /* Resources */ = {
			isa = PBXResourcesBuildPhase;
			buildActionMask = 2147483647;
			files = (
				4B9678161D62AACE009ECA44 /* LaunchScreen.storyboard in Resources */,
				4B9678131D62AACE009ECA44 /* Assets.xcassets in Resources */,
				4B9678111D62AACE009ECA44 /* Main.storyboard in Resources */,
			);
			runOnlyForDeploymentPostprocessing = 0;
		};
		4B96781A1D62AACE009ECA44 /* Resources */ = {
			isa = PBXResourcesBuildPhase;
			buildActionMask = 2147483647;
			files = (
				4B9678311D62C245009ECA44 /* users:onevcat in Resources */,
			);
			runOnlyForDeploymentPostprocessing = 0;
		};
/* End PBXResourcesBuildPhase section */

/* Begin PBXSourcesBuildPhase section */
		4B9678041D62AACE009ECA44 /* Sources */ = {
			isa = PBXSourcesBuildPhase;
			buildActionMask = 2147483647;
			files = (
				4B96782F1D62AEA4009ECA44 /* User.swift in Sources */,
				4B96780E1D62AACE009ECA44 /* ViewController.swift in Sources */,
				4B96782D1D62ABAB009ECA44 /* Request.swift in Sources */,
				4B96780C1D62AACE009ECA44 /* AppDelegate.swift in Sources */,
			);
			runOnlyForDeploymentPostprocessing = 0;
		};
		4B9678181D62AACE009ECA44 /* Sources */ = {
			isa = PBXSourcesBuildPhase;
			buildActionMask = 2147483647;
			files = (
				4B9678211D62AACE009ECA44 /* ProtocolNetworkTests.swift in Sources */,
			);
			runOnlyForDeploymentPostprocessing = 0;
		};
/* End PBXSourcesBuildPhase section */

/* Begin PBXTargetDependency section */
		4B96781E1D62AACE009ECA44 /* PBXTargetDependency */ = {
			isa = PBXTargetDependency;
			target = 4B9678071D62AACE009ECA44 /* ProtocolNetwork */;
			targetProxy = 4B96781D1D62AACE009ECA44 /* PBXContainerItemProxy */;
		};
/* End PBXTargetDependency section */

/* Begin PBXVariantGroup section */
		4B96780F1D62AACE009ECA44 /* Main.storyboard */ = {
			isa = PBXVariantGroup;
			children = (
				4B9678101D62AACE009ECA44 /* Base */,
			);
			name = Main.storyboard;
			sourceTree = "<group>";
		};
		4B9678141D62AACE009ECA44 /* LaunchScreen.storyboard */ = {
			isa = PBXVariantGroup;
			children = (
				4B9678151D62AACE009ECA44 /* Base */,
			);
			name = LaunchScreen.storyboard;
			sourceTree = "<group>";
		};
/* End PBXVariantGroup section */

/* Begin XCBuildConfiguration section */
		4B9678231D62AACE009ECA44 /* Debug */ = {
			isa = XCBuildConfiguration;
			buildSettings = {
				ALWAYS_SEARCH_USER_PATHS = NO;
				CLANG_ANALYZER_NONNULL = YES;
				CLANG_CXX_LANGUAGE_STANDARD = "gnu++0x";
				CLANG_CXX_LIBRARY = "libc++";
				CLANG_ENABLE_MODULES = YES;
				CLANG_ENABLE_OBJC_ARC = YES;
				CLANG_WARN_BOOL_CONVERSION = YES;
				CLANG_WARN_CONSTANT_CONVERSION = YES;
				CLANG_WARN_DIRECT_OBJC_ISA_USAGE = YES_ERROR;
				CLANG_WARN_DOCUMENTATION_COMMENTS = YES;
				CLANG_WARN_EMPTY_BODY = YES;
				CLANG_WARN_ENUM_CONVERSION = YES;
				CLANG_WARN_INFINITE_RECURSION = YES;
				CLANG_WARN_INT_CONVERSION = YES;
				CLANG_WARN_OBJC_ROOT_CLASS = YES_ERROR;
				CLANG_WARN_SUSPICIOUS_MOVES = YES;
				CLANG_WARN_UNREACHABLE_CODE = YES;
				CLANG_WARN__DUPLICATE_METHOD_MATCH = YES;
				"CODE_SIGN_IDENTITY[sdk=iphoneos*]" = "iPhone Developer";
				COPY_PHASE_STRIP = NO;
				DEBUG_INFORMATION_FORMAT = dwarf;
				ENABLE_STRICT_OBJC_MSGSEND = YES;
				ENABLE_TESTABILITY = YES;
				GCC_C_LANGUAGE_STANDARD = gnu99;
				GCC_DYNAMIC_NO_PIC = NO;
				GCC_NO_COMMON_BLOCKS = YES;
				GCC_OPTIMIZATION_LEVEL = 0;
				GCC_PREPROCESSOR_DEFINITIONS = (
					"DEBUG=1",
					"$(inherited)",
				);
				GCC_WARN_64_TO_32_BIT_CONVERSION = YES;
				GCC_WARN_ABOUT_RETURN_TYPE = YES_ERROR;
				GCC_WARN_UNDECLARED_SELECTOR = YES;
				GCC_WARN_UNINITIALIZED_AUTOS = YES_AGGRESSIVE;
				GCC_WARN_UNUSED_FUNCTION = YES;
				GCC_WARN_UNUSED_VARIABLE = YES;
				IPHONEOS_DEPLOYMENT_TARGET = 10.0;
				MTL_ENABLE_DEBUG_INFO = YES;
				ONLY_ACTIVE_ARCH = YES;
				SDKROOT = iphoneos;
				SWIFT_ACTIVE_COMPILATION_CONDITIONS = DEBUG;
				SWIFT_OPTIMIZATION_LEVEL = "-Onone";
				TARGETED_DEVICE_FAMILY = "1,2";
			};
			name = Debug;
		};
		4B9678241D62AACE009ECA44 /* Release */ = {
			isa = XCBuildConfiguration;
			buildSettings = {
				ALWAYS_SEARCH_USER_PATHS = NO;
				CLANG_ANALYZER_NONNULL = YES;
				CLANG_CXX_LANGUAGE_STANDARD = "gnu++0x";
				CLANG_CXX_LIBRARY = "libc++";
				CLANG_ENABLE_MODULES = YES;
				CLANG_ENABLE_OBJC_ARC = YES;
				CLANG_WARN_BOOL_CONVERSION = YES;
				CLANG_WARN_CONSTANT_CONVERSION = YES;
				CLANG_WARN_DIRECT_OBJC_ISA_USAGE = YES_ERROR;
				CLANG_WARN_DOCUMENTATION_COMMENTS = YES;
				CLANG_WARN_EMPTY_BODY = YES;
				CLANG_WARN_ENUM_CONVERSION = YES;
				CLANG_WARN_INFINITE_RECURSION = YES;
				CLANG_WARN_INT_CONVERSION = YES;
				CLANG_WARN_OBJC_ROOT_CLASS = YES_ERROR;
				CLANG_WARN_SUSPICIOUS_MOVES = YES;
				CLANG_WARN_UNREACHABLE_CODE = YES;
				CLANG_WARN__DUPLICATE_METHOD_MATCH = YES;
				"CODE_SIGN_IDENTITY[sdk=iphoneos*]" = "iPhone Developer";
				COPY_PHASE_STRIP = NO;
				DEBUG_INFORMATION_FORMAT = "dwarf-with-dsym";
				ENABLE_NS_ASSERTIONS = NO;
				ENABLE_STRICT_OBJC_MSGSEND = YES;
				GCC_C_LANGUAGE_STANDARD = gnu99;
				GCC_NO_COMMON_BLOCKS = YES;
				GCC_WARN_64_TO_32_BIT_CONVERSION = YES;
				GCC_WARN_ABOUT_RETURN_TYPE = YES_ERROR;
				GCC_WARN_UNDECLARED_SELECTOR = YES;
				GCC_WARN_UNINITIALIZED_AUTOS = YES_AGGRESSIVE;
				GCC_WARN_UNUSED_FUNCTION = YES;
				GCC_WARN_UNUSED_VARIABLE = YES;
				IPHONEOS_DEPLOYMENT_TARGET = 10.0;
				MTL_ENABLE_DEBUG_INFO = NO;
				SDKROOT = iphoneos;
				SWIFT_OPTIMIZATION_LEVEL = "-Owholemodule";
				TARGETED_DEVICE_FAMILY = "1,2";
				VALIDATE_PRODUCT = YES;
			};
			name = Release;
		};
		4B9678261D62AACE009ECA44 /* Debug */ = {
			isa = XCBuildConfiguration;
			buildSettings = {
				ASSETCATALOG_COMPILER_APPICON_NAME = AppIcon;
				DEVELOPMENT_TEAM = T499X543T7;
				INFOPLIST_FILE = ProtocolNetwork/Info.plist;
				LD_RUNPATH_SEARCH_PATHS = "$(inherited) @executable_path/Frameworks";
				PRODUCT_BUNDLE_IDENTIFIER = com.onevcat.ProtocolNetwork;
				PRODUCT_NAME = "$(TARGET_NAME)";
				SWIFT_VERSION = 3.0;
			};
			name = Debug;
		};
		4B9678271D62AACE009ECA44 /* Release */ = {
			isa = XCBuildConfiguration;
			buildSettings = {
				ASSETCATALOG_COMPILER_APPICON_NAME = AppIcon;
				DEVELOPMENT_TEAM = T499X543T7;
				INFOPLIST_FILE = ProtocolNetwork/Info.plist;
				LD_RUNPATH_SEARCH_PATHS = "$(inherited) @executable_path/Frameworks";
				PRODUCT_BUNDLE_IDENTIFIER = com.onevcat.ProtocolNetwork;
				PRODUCT_NAME = "$(TARGET_NAME)";
				SWIFT_VERSION = 3.0;
			};
			name = Release;
		};
		4B9678291D62AACE009ECA44 /* Debug */ = {
			isa = XCBuildConfiguration;
			buildSettings = {
				BUNDLE_LOADER = "$(TEST_HOST)";
				DEVELOPMENT_TEAM = T499X543T7;
				INFOPLIST_FILE = ProtocolNetworkTests/Info.plist;
				LD_RUNPATH_SEARCH_PATHS = "$(inherited) @executable_path/Frameworks @loader_path/Frameworks";
				PRODUCT_BUNDLE_IDENTIFIER = com.onevcat.ProtocolNetworkTests;
				PRODUCT_NAME = "$(TARGET_NAME)";
				SWIFT_VERSION = 3.0;
				TEST_HOST = "$(BUILT_PRODUCTS_DIR)/ProtocolNetwork.app/ProtocolNetwork";
			};
			name = Debug;
		};
		4B96782A1D62AACE009ECA44 /* Release */ = {
			isa = XCBuildConfiguration;
			buildSettings = {
				BUNDLE_LOADER = "$(TEST_HOST)";
				DEVELOPMENT_TEAM = T499X543T7;
				INFOPLIST_FILE = ProtocolNetworkTests/Info.plist;
				LD_RUNPATH_SEARCH_PATHS = "$(inherited) @executable_path/Frameworks @loader_path/Frameworks";
				PRODUCT_BUNDLE_IDENTIFIER = com.onevcat.ProtocolNetworkTests;
				PRODUCT_NAME = "$(TARGET_NAME)";
				SWIFT_VERSION = 3.0;
				TEST_HOST = "$(BUILT_PRODUCTS_DIR)/ProtocolNetwork.app/ProtocolNetwork";
			};
			name = Release;
		};
/* End XCBuildConfiguration section */

/* Begin XCConfigurationList section */
		4B9678031D62AACE009ECA44 /* Build configuration list for PBXProject "ProtocolNetwork" */ = {
			isa = XCConfigurationList;
			buildConfigurations = (
				4B9678231D62AACE009ECA44 /* Debug */,
				4B9678241D62AACE009ECA44 /* Release */,
			);
			defaultConfigurationIsVisible = 0;
			defaultConfigurationName = Release;
		};
		4B9678251D62AACE009ECA44 /* Build configuration list for PBXNativeTarget "ProtocolNetwork" */ = {
			isa = XCConfigurationList;
			buildConfigurations = (
				4B9678261D62AACE009ECA44 /* Debug */,
				4B9678271D62AACE009ECA44 /* Release */,
			);
			defaultConfigurationIsVisible = 0;
		};
		4B9678281D62AACE009ECA44 /* Build configuration list for PBXNativeTarget "ProtocolNetworkTests" */ = {
			isa = XCConfigurationList;
			buildConfigurations = (
				4B9678291D62AACE009ECA44 /* Debug */,
				4B96782A1D62AACE009ECA44 /* Release */,
			);
			defaultConfigurationIsVisible = 0;
		};
/* End XCConfigurationList section */
	};
	rootObject = 4B9678001D62AACE009ECA44 /* Project object */;
}
